
Microsoft Visual Studio Solution File, Format Version 12.00
# Visual Studio Version 16
VisualStudioVersion = 16.0.30406.217
MinimumVisualStudioVersion = 10.0.40219.1
Project("{FAE04EC0-301F-11D3-BF4B-00C04F79EFBC}") = "Pag74_exe13", "Pag74_exe13.csproj", "{2F226A62-BA29-44CB-AAB4-28E3BC9E3FF3}"
EndProject
Global
	GlobalSection(SolutionConfigurationPlatforms) = preSolution
		Debug|Any CPU = Debug|Any CPU
		Release|Any CPU = Release|Any CPU
	EndGlobalSection
	GlobalSection(ProjectConfigurationPlatforms) = postSolution
		{2F226A62-BA29-44CB-AAB4-28E3BC9E3FF3}.Debug|Any CPU.ActiveCfg = Debug|Any CPU
		{2F226A62-BA29-44CB-AAB4-28E3BC9E3FF3}.Debug|Any CPU.Build.0 = Debug|Any CPU
		{2F226A62-BA29-44CB-AAB4-28E3BC9E3FF3}.Release|Any CPU.ActiveCfg = Release|Any CPU
		{2F226A62-BA29-44CB-AAB4-28E3BC9E3FF3}.Release|Any CPU.Build.0 = Release|Any CPU
	EndGlobalSection
	GlobalSection(SolutionProperties) = preSolution
		HideSolutionNode = FALSE
	EndGlobalSection
	GlobalSection(ExtensibilityGlobals) = postSolution
		SolutionGuid = {5430D321-9469-4B80-ACE0-CFB4AE02426A}
	EndGlobalSection
EndGlobal
