
Microsoft Visual Studio Solution File, Format Version 12.00
# Visual Studio Version 16
VisualStudioVersion = 16.0.30406.217
MinimumVisualStudioVersion = 10.0.40219.1
Project("{FAE04EC0-301F-11D3-BF4B-00C04F79EFBC}") = "Exe5_Pag67_49", "Exe5_Pag67_49.csproj", "{8F9BCE6F-59AD-4C43-BB01-5C2330060A5F}"
EndProject
Global
	GlobalSection(SolutionConfigurationPlatforms) = preSolution
		Debug|Any CPU = Debug|Any CPU
		Release|Any CPU = Release|Any CPU
	EndGlobalSection
	GlobalSection(ProjectConfigurationPlatforms) = postSolution
		{8F9BCE6F-59AD-4C43-BB01-5C2330060A5F}.Debug|Any CPU.ActiveCfg = Debug|Any CPU
		{8F9BCE6F-59AD-4C43-BB01-5C2330060A5F}.Debug|Any CPU.Build.0 = Debug|Any CPU
		{8F9BCE6F-59AD-4C43-BB01-5C2330060A5F}.Release|Any CPU.ActiveCfg = Release|Any CPU
		{8F9BCE6F-59AD-4C43-BB01-5C2330060A5F}.Release|Any CPU.Build.0 = Release|Any CPU
	EndGlobalSection
	GlobalSection(SolutionProperties) = preSolution
		HideSolutionNode = FALSE
	EndGlobalSection
	GlobalSection(ExtensibilityGlobals) = postSolution
		SolutionGuid = {07022205-0D13-46B0-9391-3EF5D635D042}
	EndGlobalSection
EndGlobal
